<?xml version="1.0" encoding="utf-8"?>
<Project ToolsVersion="4.0" xmlns="http://schemas.microsoft.com/developer/msbuild/2003">
  <ItemGroup>
    <Filter Include="ChatbotAPI">
      <UniqueIdentifier>{A4DC07EA-9094-4937-F99B-2293E572E427}</UniqueIdentifier>
    </Filter>
    <Filter Include="nlp">
      <UniqueIdentifier>{2F95880B-9B9E-887C-241A-9F7C9022947C}</UniqueIdentifier>
    </Filter>
    <Filter Include="shared">
      <UniqueIdentifier>{9C5CB11B-88FE-DBF1-71B9-EF455DFA6242}</UniqueIdentifier>
    </Filter>
  </ItemGroup>
  <ItemGroup>
    <ClInclude Include="src\ChatbotAPI\ChatbotAPI.h">
      <Filter>ChatbotAPI</Filter>
    </ClInclude>
    <ClInclude Include="src\nlp\CorpusLoader.h">
      <Filter>nlp</Filter>
    </ClInclude>
    <ClInclude Include="src\nlp\MarkovModel.h">
      <Filter>nlp</Filter>
    </ClInclude>
    <ClInclude Include="src\nlp\Tokenizer.h">
      <Filter>nlp</Filter>
    </ClInclude>
    <ClInclude Include="src\shared\Base.h">
      <Filter>shared</Filter>
    </ClInclude>
  </ItemGroup>
  <ItemGroup>
    <ClCompile Include="src\ChatbotAPI\ChatbotAPI.cpp">
      <Filter>ChatbotAPI</Filter>
    </ClCompile>
    <ClCompile Include="src\main.cpp" />
    <ClCompile Include="src\nlp\MarkovModel.cpp">
      <Filter>nlp</Filter>
    </ClCompile>
    <ClCompile Include="src\nlp\Tokenizer.cpp">
      <Filter>nlp</Filter>
    </ClCompile>
  </ItemGroup>
</Project>